
Microsoft Visual Studio Solution File, Format Version 12.00
# Visual Studio Version 17
VisualStudioVersion = 17.3.32922.545
MinimumVisualStudioVersion = 10.0.40219.1
Project("{FAE04EC0-301F-11D3-BF4B-00C04F79EFBC}") = "DAL", "DAL\DAL.csproj", "{28D5F242-C185-4D6F-95FA-74CEE70B3C7B}"
EndProject
Project("{FAE04EC0-301F-11D3-BF4B-00C04F79EFBC}") = "BLL", "BLL\BLL.csproj", "{576FB8C3-3CB7-4F0F-AE62-9874F3AF3EEC}"
EndProject
Project("{FAE04EC0-301F-11D3-BF4B-00C04F79EFBC}") = "API", "API\API.csproj", "{B3AC5884-61B4-4A0F-8F12-14C3B4C645FF}"
EndProject
Project("{FAE04EC0-301F-11D3-BF4B-00C04F79EFBC}") = "WebProject", "WebProject\WebProject.csproj", "{F9D4D69A-C21B-452A-8786-14B5E8B3A485}"
EndProject
Project("{FAE04EC0-301F-11D3-BF4B-00C04F79EFBC}") = "WPF", "WPF\WPF.csproj", "{71B7B38F-86E0-430C-B979-A687E6A4CEA1}"
EndProject
Global
	GlobalSection(SolutionConfigurationPlatforms) = preSolution
		Debug|Any CPU = Debug|Any CPU
		Release|Any CPU = Release|Any CPU
	EndGlobalSection
	GlobalSection(ProjectConfigurationPlatforms) = postSolution
		{28D5F242-C185-4D6F-95FA-74CEE70B3C7B}.Debug|Any CPU.ActiveCfg = Debug|Any CPU
		{28D5F242-C185-4D6F-95FA-74CEE70B3C7B}.Debug|Any CPU.Build.0 = Debug|Any CPU
		{28D5F242-C185-4D6F-95FA-74CEE70B3C7B}.Release|Any CPU.ActiveCfg = Release|Any CPU
		{28D5F242-C185-4D6F-95FA-74CEE70B3C7B}.Release|Any CPU.Build.0 = Release|Any CPU
		{576FB8C3-3CB7-4F0F-AE62-9874F3AF3EEC}.Debug|Any CPU.ActiveCfg = Debug|Any CPU
		{576FB8C3-3CB7-4F0F-AE62-9874F3AF3EEC}.Debug|Any CPU.Build.0 = Debug|Any CPU
		{576FB8C3-3CB7-4F0F-AE62-9874F3AF3EEC}.Release|Any CPU.ActiveCfg = Release|Any CPU
		{576FB8C3-3CB7-4F0F-AE62-9874F3AF3EEC}.Release|Any CPU.Build.0 = Release|Any CPU
		{B3AC5884-61B4-4A0F-8F12-14C3B4C645FF}.Debug|Any CPU.ActiveCfg = Debug|Any CPU
		{B3AC5884-61B4-4A0F-8F12-14C3B4C645FF}.Debug|Any CPU.Build.0 = Debug|Any CPU
		{B3AC5884-61B4-4A0F-8F12-14C3B4C645FF}.Release|Any CPU.ActiveCfg = Release|Any CPU
		{B3AC5884-61B4-4A0F-8F12-14C3B4C645FF}.Release|Any CPU.Build.0 = Release|Any CPU
		{F9D4D69A-C21B-452A-8786-14B5E8B3A485}.Debug|Any CPU.ActiveCfg = Debug|Any CPU
		{F9D4D69A-C21B-452A-8786-14B5E8B3A485}.Debug|Any CPU.Build.0 = Debug|Any CPU
		{F9D4D69A-C21B-452A-8786-14B5E8B3A485}.Release|Any CPU.ActiveCfg = Release|Any CPU
		{F9D4D69A-C21B-452A-8786-14B5E8B3A485}.Release|Any CPU.Build.0 = Release|Any CPU
		{71B7B38F-86E0-430C-B979-A687E6A4CEA1}.Debug|Any CPU.ActiveCfg = Debug|Any CPU
		{71B7B38F-86E0-430C-B979-A687E6A4CEA1}.Debug|Any CPU.Build.0 = Debug|Any CPU
		{71B7B38F-86E0-430C-B979-A687E6A4CEA1}.Release|Any CPU.ActiveCfg = Release|Any CPU
		{71B7B38F-86E0-430C-B979-A687E6A4CEA1}.Release|Any CPU.Build.0 = Release|Any CPU
	EndGlobalSection
	GlobalSection(SolutionProperties) = preSolution
		HideSolutionNode = FALSE
	EndGlobalSection
	GlobalSection(ExtensibilityGlobals) = postSolution
		SolutionGuid = {8359BCCD-1C18-4C28-AF7A-30669F5CDB78}
	EndGlobalSection
EndGlobal
